
Microsoft Visual Studio Solution File, Format Version 12.00
# Visual Studio Version 16
VisualStudioVersion = 16.0.31515.178
MinimumVisualStudioVersion = 10.0.40219.1
Project("{8BC9CEB8-8B4A-11D0-8D11-00A0C91BC942}") = "LAB-MID", "LAB-MID\LAB-MID.vcxproj", "{1FF153F5-C977-4E21-AE24-68EB2D8A74D8}"
EndProject
Global
	GlobalSection(SolutionConfigurationPlatforms) = preSolution
		Debug|x64 = Debug|x64
		Debug|x86 = Debug|x86
		Release|x64 = Release|x64
		Release|x86 = Release|x86
	EndGlobalSection
	GlobalSection(ProjectConfigurationPlatforms) = postSolution
		{1FF153F5-C977-4E21-AE24-68EB2D8A74D8}.Debug|x64.ActiveCfg = Debug|x64
		{1FF153F5-C977-4E21-AE24-68EB2D8A74D8}.Debug|x64.Build.0 = Debug|x64
		{1FF153F5-C977-4E21-AE24-68EB2D8A74D8}.Debug|x86.ActiveCfg = Debug|Win32
		{1FF153F5-C977-4E21-AE24-68EB2D8A74D8}.Debug|x86.Build.0 = Debug|Win32
		{1FF153F5-C977-4E21-AE24-68EB2D8A74D8}.Release|x64.ActiveCfg = Release|x64
		{1FF153F5-C977-4E21-AE24-68EB2D8A74D8}.Release|x64.Build.0 = Release|x64
		{1FF153F5-C977-4E21-AE24-68EB2D8A74D8}.Release|x86.ActiveCfg = Release|Win32
		{1FF153F5-C977-4E21-AE24-68EB2D8A74D8}.Release|x86.Build.0 = Release|Win32
	EndGlobalSection
	GlobalSection(SolutionProperties) = preSolution
		HideSolutionNode = FALSE
	EndGlobalSection
	GlobalSection(ExtensibilityGlobals) = postSolution
		SolutionGuid = {65E17E8A-748C-4BAB-9B8A-20ADD1EFAFFC}
	EndGlobalSection
EndGlobal
